# This file is automatically @generated by Poetry 1.8.2 and should not be changed by hand.

[[package]]
name = "asttokens"
version = "2.4.1"
description = "Annotate AST trees with source code positions"
optional = false
python-versions = "*"
files = [
    {file = "asttokens-2.4.1-py2.py3-none-any.whl", hash = "sha256:051ed49c3dcae8913ea7cd08e46a606dba30b79993209636c4875bc1d637bc24"},
    {file = "asttokens-2.4.1.tar.gz", hash = "sha256:b03869718ba9a6eb027e134bfdf69f38a236d681c83c160d510768af11254ba0"},
]

[package.dependencies]
six = ">=1.12.0"

[package.extras]
astroid = ["astroid (>=1,<2)", "astroid (>=2,<4)"]
test = ["astroid (>=1,<2)", "astroid (>=2,<4)", "pytest"]

[[package]]
name = "colorama"
version = "0.4.6"
description = "Cross-platform colored terminal text."
optional = false
python-versions = "!=3.0.*,!=3.1.*,!=3.2.*,!=3.3.*,!=3.4.*,!=3.5.*,!=3.6.*,>=2.7"
files = [
    {file = "colorama-0.4.6-py2.py3-none-any.whl", hash = "sha256:4f1d9991f5acc0ca119f9d443620b77f9d6b33703e51011c16baf57afb285fc6"},
    {file = "colorama-0.4.6.tar.gz", hash = "sha256:08695f5cb7ed6e0531a20572697297273c47b8cae5a63ffc6d6ed5c201be6e44"},
]

[[package]]
name = "confluent-kafka"
version = "2.4.0"
description = "Confluent's Python client for Apache Kafka"
optional = false
python-versions = "*"
files = [
    {file = "confluent-kafka-2.4.0.tar.gz", hash = "sha256:201c6182304c5864c8a1b1aae2f99bf51fa332017abbec05a3a1fb2ff242c41d"},
    {file = "confluent_kafka-2.4.0-cp310-cp310-macosx_10_9_x86_64.whl", hash = "sha256:827820321e0ac6a7f75f119f7ab4dcbbbd59c95d7807f6eb79f03a4cb6b9ab25"},
    {file = "confluent_kafka-2.4.0-cp310-cp310-macosx_11_0_arm64.whl", hash = "sha256:4c74a06a658f72dd0f6df9b0fbfc5b1b483b3263fde6abd925bba512879995cc"},
    {file = "confluent_kafka-2.4.0-cp310-cp310-manylinux_2_17_x86_64.manylinux2014_x86_64.whl", hash = "sha256:108bc30e1153734cd36d88a299c7cf0c69fe6c95d67f4cce9f9180adaefef839"},
    {file = "confluent_kafka-2.4.0-cp310-cp310-manylinux_2_28_aarch64.whl", hash = "sha256:cbe32df72b9d7fee198cf12eb3770270d99b122613b0e3abfb55a13294f6a54a"},
    {file = "confluent_kafka-2.4.0-cp310-cp310-win_amd64.whl", hash = "sha256:c2e9e1dd2238e5b55cf541c9dbd3e665531418e0cc965e6143f593f64a3f79a5"},
    {file = "confluent_kafka-2.4.0-cp311-cp311-macosx_10_9_x86_64.whl", hash = "sha256:a28bf5b59f28e3357d113cc8c50ba09389dcc3327ca13cc502e9c3228f2ab5dc"},
    {file = "confluent_kafka-2.4.0-cp311-cp311-macosx_11_0_arm64.whl", hash = "sha256:506c867d987ab78494fc94ec6a966ddcb3ce3cb75809e098060d654d280281e0"},
    {file = "confluent_kafka-2.4.0-cp311-cp311-manylinux_2_17_x86_64.manylinux2014_x86_64.whl", hash = "sha256:3b02cd0eb338a8dc5db0ea07243bbf457670655a3846732f81a091b8e3d5d456"},
    {file = "confluent_kafka-2.4.0-cp311-cp311-manylinux_2_28_aarch64.whl", hash = "sha256:15d356dd1c7699ed332f262bf0aa825a177c50f7debca0f1ec14873531603b2d"},
    {file = "confluent_kafka-2.4.0-cp311-cp311-win_amd64.whl", hash = "sha256:0c1b89e1bd790dd82b64a4dd746e7a0ce3ebed7f17b0642d488c1bb0056ba763"},
    {file = "confluent_kafka-2.4.0-cp312-cp312-macosx_10_9_x86_64.whl", hash = "sha256:a11acfd79f0448095c6492d2ea34cd3df4864d78d72326bed0859d875eb7a62d"},
    {file = "confluent_kafka-2.4.0-cp312-cp312-macosx_11_0_arm64.whl", hash = "sha256:dd53d58a6648e4d5e435ff5178248b91af050a4478ed51a95b2b0eaedddafdb1"},
    {file = "confluent_kafka-2.4.0-cp312-cp312-manylinux_2_17_x86_64.manylinux2014_x86_64.whl", hash = "sha256:8a5e9cc9fff71c70f1520ab917f33cf66181b29c46cf9940da1af6a52cc086a6"},
    {file = "confluent_kafka-2.4.0-cp312-cp312-manylinux_2_28_aarch64.whl", hash = "sha256:b0d5a2d7563b9ca9bef09668d6aae6e360f1e9455672dc0886d78d76ced682c9"},
    {file = "confluent_kafka-2.4.0-cp312-cp312-win_amd64.whl", hash = "sha256:d09aa0c67532c47ec6cd08c50feaa8338e77d18fc83181c46e5a5cb88a5b25ce"},
    {file = "confluent_kafka-2.4.0-cp36-cp36m-macosx_10_9_x86_64.whl", hash = "sha256:f2e39794270088157f65e5b2b5ba7e0217759412de20088f5873bdb176084ab3"},
    {file = "confluent_kafka-2.4.0-cp36-cp36m-manylinux_2_17_x86_64.manylinux2014_x86_64.whl", hash = "sha256:0591645e709ea8392f8d41b9ff752f1cdb57c71730c9be2deae3184303d3efaf"},
    {file = "confluent_kafka-2.4.0-cp36-cp36m-manylinux_2_28_aarch64.whl", hash = "sha256:07f38339da116527d9516a0b1899b499ebfe5f906ef54c0780a309ebee585c12"},
    {file = "confluent_kafka-2.4.0-cp36-cp36m-win_amd64.whl", hash = "sha256:c661f4c014f78ee478667a5018fb62ec2a4b61322410a9be314bdbf6ead481d7"},
    {file = "confluent_kafka-2.4.0-cp37-cp37m-macosx_10_9_x86_64.whl", hash = "sha256:a8b440684a22d9239b857d1be065ea2844537ff20bb675c75e7a9e2adbd5ce9a"},
    {file = "confluent_kafka-2.4.0-cp37-cp37m-manylinux_2_17_x86_64.manylinux2014_x86_64.whl", hash = "sha256:9ac7120919a4189018120a40da8d9c05bd6e024f60638901483bb6a46c45a115"},
    {file = "confluent_kafka-2.4.0-cp37-cp37m-manylinux_2_28_aarch64.whl", hash = "sha256:6a2b81902b0c824549f85f49774535285242b1472e52ab0a18260526840a8ecf"},
    {file = "confluent_kafka-2.4.0-cp37-cp37m-win_amd64.whl", hash = "sha256:78f6776aca06c81308c8be66c754a3b8281a20dd9af697b2cfcb5c2272878df9"},
    {file = "confluent_kafka-2.4.0-cp38-cp38-macosx_10_9_x86_64.whl", hash = "sha256:2858fb428f29086df2a50554d9093d176ec4b1f76240a62efe136acc493f7fb6"},
    {file = "confluent_kafka-2.4.0-cp38-cp38-macosx_11_0_arm64.whl", hash = "sha256:9608b8b1145a0b41e6c6949ac9ec974e74f1ed2d065b26eae73e208668fa20cf"},
    {file = "confluent_kafka-2.4.0-cp38-cp38-manylinux_2_17_x86_64.manylinux2014_x86_64.whl", hash = "sha256:baaf1022972bd213bf20cfccb1b13b613d7ab13ebcafacd65220bd5908f5e460"},
    {file = "confluent_kafka-2.4.0-cp38-cp38-manylinux_2_28_aarch64.whl", hash = "sha256:16be3360f040b5d17dcb7e1b66a170b72f428c98d0978705b0a3081de756b2c7"},
    {file = "confluent_kafka-2.4.0-cp38-cp38-win_amd64.whl", hash = "sha256:45e6f719f6bd95210e0451b50cd19f33a44d7b16be560217240caa71f165420d"},
    {file = "confluent_kafka-2.4.0-cp39-cp39-macosx_10_9_x86_64.whl", hash = "sha256:3cf1b40ae59569e50ba15da1dc0030bac904b74d8aff82f02a16df3bb9b87e53"},
    {file = "confluent_kafka-2.4.0-cp39-cp39-macosx_11_0_arm64.whl", hash = "sha256:5b5dd225596325159eee928caba47e0cf3f03ce3c8244371457a1823d7c66c22"},
    {file = "confluent_kafka-2.4.0-cp39-cp39-manylinux_2_17_x86_64.manylinux2014_x86_64.whl", hash = "sha256:d338e8189f5836b916c632e0f2db9a197352c199db7323ca3f2bd1785cb9a747"},
    {file = "confluent_kafka-2.4.0-cp39-cp39-manylinux_2_28_aarch64.whl", hash = "sha256:40d18f1bd1bac6d2cf8dbf47da11cdb82d077b26a81ea551136515a1079ec532"},
    {file = "confluent_kafka-2.4.0-cp39-cp39-win_amd64.whl", hash = "sha256:52f937ab1cde9aacb01288293d374bf09da728b79cf907504dec8f3c4f82030e"},
]

[package.extras]
avro = ["avro (>=1.11.1,<2)", "fastavro (>=0.23.0,<1.0)", "fastavro (>=1.0)", "requests"]
dev = ["avro (>=1.11.1,<2)", "fastavro (>=0.23.0,<1.0)", "fastavro (>=1.0)", "flake8", "pytest", "pytest (==4.6.4)", "pytest-timeout", "requests"]
doc = ["avro (>=1.11.1,<2)", "fastavro (>=0.23.0,<1.0)", "fastavro (>=1.0)", "requests", "sphinx", "sphinx-rtd-theme"]
json = ["jsonschema", "pyrsistent", "pyrsistent (==0.16.1)", "requests"]
protobuf = ["protobuf", "requests"]
schema-registry = ["requests"]

[[package]]
name = "couchbase"
version = "4.2.1"
description = "Python Client for Couchbase"
optional = false
python-versions = ">=3.7"
files = [
    {file = "couchbase-4.2.1-cp310-cp310-macosx_10_15_x86_64.whl", hash = "sha256:7ad4c4462879f456a9067ac1788e62d852509439bac3538b9bc459a754666481"},
    {file = "couchbase-4.2.1-cp310-cp310-macosx_11_0_arm64.whl", hash = "sha256:06d91891c599ba0f5052e594ac025a2ca6ab7885e528b854ac9c125df7c74146"},
    {file = "couchbase-4.2.1-cp310-cp310-manylinux2014_aarch64.manylinux_2_17_aarch64.whl", hash = "sha256:0191d4a631ead533551cb9a214704ad5f3dfff2029e21a23b57725a0b5666b25"},
    {file = "couchbase-4.2.1-cp310-cp310-manylinux2014_x86_64.manylinux_2_17_x86_64.whl", hash = "sha256:b206790d6834a18c5e457f9a70f44774f476f3acccf9f22e8c1b5283a5bd03fa"},
    {file = "couchbase-4.2.1-cp310-cp310-musllinux_1_1_x86_64.whl", hash = "sha256:c5ca571b9ce017ecbd447de12cd46e213f93e0664bec6fca0a06e1768db1a4f8"},
    {file = "couchbase-4.2.1-cp310-cp310-win_amd64.whl", hash = "sha256:675c615cfd4b04e73e94cf03c786da5105d94527f5c3a087813dba477a1379e9"},
    {file = "couchbase-4.2.1-cp311-cp311-macosx_10_15_x86_64.whl", hash = "sha256:4cd09eedf162dc28386d9c6490e832c25068406c0f5d70a0417c0b1445394651"},
    {file = "couchbase-4.2.1-cp311-cp311-macosx_11_0_arm64.whl", hash = "sha256:dfebb11551c6d947ce6297ab02b5006b1ac8739dda3e10d41896db0dc8672915"},
    {file = "couchbase-4.2.1-cp311-cp311-manylinux2014_aarch64.manylinux_2_17_aarch64.whl", hash = "sha256:39e742ccfe90a0e59e6e1b0e12f0fe224a736c0207b218ef48048052f926e1c6"},
    {file = "couchbase-4.2.1-cp311-cp311-manylinux2014_x86_64.manylinux_2_17_x86_64.whl", hash = "sha256:f9ba24efddf47f30603275f5433434d8759a55233c78b3e4bc613c502ac429e9"},
    {file = "couchbase-4.2.1-cp311-cp311-musllinux_1_1_x86_64.whl", hash = "sha256:adfca3929f07fb4385dc52f08d3a60634012f364b176f95ab023cdd1bb7fe9c0"},
    {file = "couchbase-4.2.1-cp311-cp311-win_amd64.whl", hash = "sha256:e1c68b28c6f0475961afb9fe626ad2bac8a5643b53f719675386f060db4b6e19"},
    {file = "couchbase-4.2.1-cp38-cp38-macosx_10_15_x86_64.whl", hash = "sha256:137512462426cd495954c1815d78115d109308a4d9f8843b638285104388a359"},
    {file = "couchbase-4.2.1-cp38-cp38-macosx_11_0_arm64.whl", hash = "sha256:5987e5edcce7696e5f75b35be91f44fa69fb5eb95dba0957ad66f789affcdb36"},
    {file = "couchbase-4.2.1-cp38-cp38-manylinux2014_aarch64.manylinux_2_17_aarch64.whl", hash = "sha256:080cb0fc333bd4a641ede4ee14ff0c7dbe95067fbb280826ea546681e0b9f9e3"},
    {file = "couchbase-4.2.1-cp38-cp38-manylinux2014_x86_64.manylinux_2_17_x86_64.whl", hash = "sha256:e317c2628a4a917083e8e7ce8e2662432b6a12ebac65fc00de6da2b37ab5975c"},
    {file = "couchbase-4.2.1-cp38-cp38-musllinux_1_1_x86_64.whl", hash = "sha256:de7f8699ae344e2e96706ee0eac67e96bfdd3412fb18dcfb81d8ba5837dd3dfb"},
    {file = "couchbase-4.2.1-cp38-cp38-win_amd64.whl", hash = "sha256:82b9deb8b1fe8e8d7dde9c232ac5f4c11ff0f067930837af0e7769706e6a9453"},
    {file = "couchbase-4.2.1-cp39-cp39-macosx_10_15_x86_64.whl", hash = "sha256:44502d069ea17a8d692b7c88d84bc0df2cf4e944cde337c8eb3175bc0b835bb9"},
    {file = "couchbase-4.2.1-cp39-cp39-macosx_11_0_arm64.whl", hash = "sha256:c0f131b816a7d91b755232872ba10f6d6ca5a715e595ee9534478bc97a518ae8"},
    {file = "couchbase-4.2.1-cp39-cp39-manylinux2014_aarch64.manylinux_2_17_aarch64.whl", hash = "sha256:e9b9deb312bbe5f9a8e63828f9de877714c4b09b7d88f7dc87b60e5ffb2a13e6"},
    {file = "couchbase-4.2.1-cp39-cp39-manylinux2014_x86_64.manylinux_2_17_x86_64.whl", hash = "sha256:71e8da251850d795975c3569c01d35ba1a556825dc7d9549ff9918d148255804"},
    {file = "couchbase-4.2.1-cp39-cp39-musllinux_1_1_x86_64.whl", hash = "sha256:d04492144ce520c612a2f8f265278c9f0cdf62fdd6f703e7a3210a7476b228f6"},
    {file = "couchbase-4.2.1-cp39-cp39-win_amd64.whl", hash = "sha256:3f91b7699ea7b8253cf34c9fb6e191de9b2edfd7aa4d6f97b29c10b9a1670444"},
    {file = "couchbase-4.2.1.tar.gz", hash = "sha256:dc1c60d3f2fc179db8225aac4cc30d601d73cf2535aaf023d607e86be2d7dd78"},
]

[[package]]
name = "decorator"
version = "5.1.1"
description = "Decorators for Humans"
optional = false
python-versions = ">=3.5"
files = [
    {file = "decorator-5.1.1-py3-none-any.whl", hash = "sha256:b8c3f85900b9dc423225913c5aace94729fe1fa9763b38939a95226f02d37186"},
    {file = "decorator-5.1.1.tar.gz", hash = "sha256:637996211036b6385ef91435e4fae22989472f9d571faba8927ba8253acbc330"},
]

[[package]]
name = "exceptiongroup"
version = "1.2.1"
description = "Backport of PEP 654 (exception groups)"
optional = false
python-versions = ">=3.7"
files = [
    {file = "exceptiongroup-1.2.1-py3-none-any.whl", hash = "sha256:5258b9ed329c5bbdd31a309f53cbfb0b155341807f6ff7606a1e801a891b29ad"},
    {file = "exceptiongroup-1.2.1.tar.gz", hash = "sha256:a4785e48b045528f5bfe627b6ad554ff32def154f42372786903b7abcfe1aa16"},
]

[package.extras]
test = ["pytest (>=6)"]

[[package]]
name = "executing"
version = "2.0.1"
description = "Get the currently executing AST node of a frame, and other information"
optional = false
python-versions = ">=3.5"
files = [
    {file = "executing-2.0.1-py2.py3-none-any.whl", hash = "sha256:eac49ca94516ccc753f9fb5ce82603156e590b27525a8bc32cce8ae302eb61bc"},
    {file = "executing-2.0.1.tar.gz", hash = "sha256:35afe2ce3affba8ee97f2d69927fa823b08b472b7b994e36a52a964b93d16147"},
]

[package.extras]
tests = ["asttokens (>=2.1.0)", "coverage", "coverage-enable-subprocess", "ipython", "littleutils", "pytest", "rich"]

[[package]]
name = "iniconfig"
version = "2.0.0"
description = "brain-dead simple config-ini parsing"
optional = false
python-versions = ">=3.7"
files = [
    {file = "iniconfig-2.0.0-py3-none-any.whl", hash = "sha256:b6a85871a79d2e3b22d2d1b94ac2824226a63c6b741c88f7ae975f18b6778374"},
    {file = "iniconfig-2.0.0.tar.gz", hash = "sha256:2d91e135bf72d31a410b17c16da610a82cb55f6b0477d1a902134b24a455b8b3"},
]

[[package]]
name = "ipdb"
version = "0.13.13"
description = "IPython-enabled pdb"
optional = false
python-versions = ">=2.7, !=3.0.*, !=3.1.*, !=3.2.*, !=3.3.*"
files = [
    {file = "ipdb-0.13.13-py3-none-any.whl", hash = "sha256:45529994741c4ab6d2388bfa5d7b725c2cf7fe9deffabdb8a6113aa5ed449ed4"},
    {file = "ipdb-0.13.13.tar.gz", hash = "sha256:e3ac6018ef05126d442af680aad863006ec19d02290561ac88b8b1c0b0cfc726"},
]

[package.dependencies]
decorator = {version = "*", markers = "python_version > \"3.6\""}
ipython = {version = ">=7.31.1", markers = "python_version > \"3.6\""}
tomli = {version = "*", markers = "python_version > \"3.6\" and python_version < \"3.11\""}

[[package]]
name = "ipython"
version = "8.25.0"
description = "IPython: Productive Interactive Computing"
optional = false
python-versions = ">=3.10"
files = [
    {file = "ipython-8.25.0-py3-none-any.whl", hash = "sha256:53eee7ad44df903a06655871cbab66d156a051fd86f3ec6750470ac9604ac1ab"},
    {file = "ipython-8.25.0.tar.gz", hash = "sha256:c6ed726a140b6e725b911528f80439c534fac915246af3efc39440a6b0f9d716"},
]

[package.dependencies]
colorama = {version = "*", markers = "sys_platform == \"win32\""}
decorator = "*"
exceptiongroup = {version = "*", markers = "python_version < \"3.11\""}
jedi = ">=0.16"
matplotlib-inline = "*"
pexpect = {version = ">4.3", markers = "sys_platform != \"win32\" and sys_platform != \"emscripten\""}
prompt-toolkit = ">=3.0.41,<3.1.0"
pygments = ">=2.4.0"
stack-data = "*"
traitlets = ">=5.13.0"
typing-extensions = {version = ">=4.6", markers = "python_version < \"3.12\""}

[package.extras]
all = ["ipython[black,doc,kernel,matplotlib,nbconvert,nbformat,notebook,parallel,qtconsole]", "ipython[test,test-extra]"]
black = ["black"]
doc = ["docrepr", "exceptiongroup", "intersphinx-registry", "ipykernel", "ipython[test]", "matplotlib", "setuptools (>=18.5)", "sphinx (>=1.3)", "sphinx-rtd-theme", "sphinxcontrib-jquery", "tomli", "typing-extensions"]
kernel = ["ipykernel"]
matplotlib = ["matplotlib"]
nbconvert = ["nbconvert"]
nbformat = ["nbformat"]
notebook = ["ipywidgets", "notebook"]
parallel = ["ipyparallel"]
qtconsole = ["qtconsole"]
test = ["pickleshare", "pytest", "pytest-asyncio (<0.22)", "testpath"]
test-extra = ["curio", "ipython[test]", "matplotlib (!=3.2.0)", "nbformat", "numpy (>=1.23)", "pandas", "trio"]

[[package]]
name = "jedi"
version = "0.19.1"
description = "An autocompletion tool for Python that can be used for text editors."
optional = false
python-versions = ">=3.6"
files = [
    {file = "jedi-0.19.1-py2.py3-none-any.whl", hash = "sha256:e983c654fe5c02867aef4cdfce5a2fbb4a50adc0af145f70504238f18ef5e7e0"},
    {file = "jedi-0.19.1.tar.gz", hash = "sha256:cf0496f3651bc65d7174ac1b7d043eff454892c708a87d1b683e57b569927ffd"},
]

[package.dependencies]
parso = ">=0.8.3,<0.9.0"

[package.extras]
docs = ["Jinja2 (==2.11.3)", "MarkupSafe (==1.1.1)", "Pygments (==2.8.1)", "alabaster (==0.7.12)", "babel (==2.9.1)", "chardet (==4.0.0)", "commonmark (==0.8.1)", "docutils (==0.17.1)", "future (==0.18.2)", "idna (==2.10)", "imagesize (==1.2.0)", "mock (==1.0.1)", "packaging (==20.9)", "pyparsing (==2.4.7)", "pytz (==2021.1)", "readthedocs-sphinx-ext (==2.1.4)", "recommonmark (==0.5.0)", "requests (==2.25.1)", "six (==1.15.0)", "snowballstemmer (==2.1.0)", "sphinx (==1.8.5)", "sphinx-rtd-theme (==0.4.3)", "sphinxcontrib-serializinghtml (==1.1.4)", "sphinxcontrib-websupport (==1.2.4)", "urllib3 (==1.26.4)"]
qa = ["flake8 (==5.0.4)", "mypy (==0.971)", "types-setuptools (==67.2.0.1)"]
testing = ["Django", "attrs", "colorama", "docopt", "pytest (<7.0.0)"]

[[package]]
name = "matplotlib-inline"
version = "0.1.7"
description = "Inline Matplotlib backend for Jupyter"
optional = false
python-versions = ">=3.8"
files = [
    {file = "matplotlib_inline-0.1.7-py3-none-any.whl", hash = "sha256:df192d39a4ff8f21b1895d72e6a13f5fcc5099f00fa84384e0ea28c2cc0653ca"},
    {file = "matplotlib_inline-0.1.7.tar.gz", hash = "sha256:8423b23ec666be3d16e16b60bdd8ac4e86e840ebd1dd11a30b9f117f2fa0ab90"},
]

[package.dependencies]
traitlets = "*"

[[package]]
name = "packaging"
version = "24.0"
description = "Core utilities for Python packages"
optional = false
python-versions = ">=3.7"
files = [
    {file = "packaging-24.0-py3-none-any.whl", hash = "sha256:2ddfb553fdf02fb784c234c7ba6ccc288296ceabec964ad2eae3777778130bc5"},
    {file = "packaging-24.0.tar.gz", hash = "sha256:eb82c5e3e56209074766e6885bb04b8c38a0c015d0a30036ebe7ece34c9989e9"},
]

[[package]]
name = "parso"
version = "0.8.4"
description = "A Python Parser"
optional = false
python-versions = ">=3.6"
files = [
    {file = "parso-0.8.4-py2.py3-none-any.whl", hash = "sha256:a418670a20291dacd2dddc80c377c5c3791378ee1e8d12bffc35420643d43f18"},
    {file = "parso-0.8.4.tar.gz", hash = "sha256:eb3a7b58240fb99099a345571deecc0f9540ea5f4dd2fe14c2a99d6b281ab92d"},
]

[package.extras]
qa = ["flake8 (==5.0.4)", "mypy (==0.971)", "types-setuptools (==67.2.0.1)"]
testing = ["docopt", "pytest"]

[[package]]
name = "pexpect"
version = "4.9.0"
description = "Pexpect allows easy control of interactive console applications."
optional = false
python-versions = "*"
files = [
    {file = "pexpect-4.9.0-py2.py3-none-any.whl", hash = "sha256:7236d1e080e4936be2dc3e326cec0af72acf9212a7e1d060210e70a47e253523"},
    {file = "pexpect-4.9.0.tar.gz", hash = "sha256:ee7d41123f3c9911050ea2c2dac107568dc43b2d3b0c7557a33212c398ead30f"},
]

[package.dependencies]
ptyprocess = ">=0.5"

[[package]]
name = "pluggy"
version = "1.5.0"
description = "plugin and hook calling mechanisms for python"
optional = false
python-versions = ">=3.8"
files = [
    {file = "pluggy-1.5.0-py3-none-any.whl", hash = "sha256:44e1ad92c8ca002de6377e165f3e0f1be63266ab4d554740532335b9d75ea669"},
    {file = "pluggy-1.5.0.tar.gz", hash = "sha256:2cffa88e94fdc978c4c574f15f9e59b7f4201d439195c3715ca9e2486f1d0cf1"},
]

[package.extras]
dev = ["pre-commit", "tox"]
testing = ["pytest", "pytest-benchmark"]

[[package]]
name = "prompt-toolkit"
version = "3.0.45"
description = "Library for building powerful interactive command lines in Python"
optional = false
python-versions = ">=3.7.0"
files = [
    {file = "prompt_toolkit-3.0.45-py3-none-any.whl", hash = "sha256:a29b89160e494e3ea8622b09fa5897610b437884dcdcd054fdc1308883326c2a"},
    {file = "prompt_toolkit-3.0.45.tar.gz", hash = "sha256:07c60ee4ab7b7e90824b61afa840c8f5aad2d46b3e2e10acc33d8ecc94a49089"},
]

[package.dependencies]
wcwidth = "*"

[[package]]
name = "ptyprocess"
version = "0.7.0"
description = "Run a subprocess in a pseudo terminal"
optional = false
python-versions = "*"
files = [
    {file = "ptyprocess-0.7.0-py2.py3-none-any.whl", hash = "sha256:4b41f3967fce3af57cc7e94b888626c18bf37a083e3651ca8feeb66d492fef35"},
    {file = "ptyprocess-0.7.0.tar.gz", hash = "sha256:5c5d0a3b48ceee0b48485e0c26037c0acd7d29765ca3fbb5cb3831d347423220"},
]

[[package]]
name = "pure-eval"
version = "0.2.2"
description = "Safely evaluate AST nodes without side effects"
optional = false
python-versions = "*"
files = [
    {file = "pure_eval-0.2.2-py3-none-any.whl", hash = "sha256:01eaab343580944bc56080ebe0a674b39ec44a945e6d09ba7db3cb8cec289350"},
    {file = "pure_eval-0.2.2.tar.gz", hash = "sha256:2b45320af6dfaa1750f543d714b6d1c520a1688dec6fd24d339063ce0aaa9ac3"},
]

[package.extras]
tests = ["pytest"]

[[package]]
name = "pygments"
version = "2.18.0"
description = "Pygments is a syntax highlighting package written in Python."
optional = false
python-versions = ">=3.8"
files = [
    {file = "pygments-2.18.0-py3-none-any.whl", hash = "sha256:b8e6aca0523f3ab76fee51799c488e38782ac06eafcf95e7ba832985c8e7b13a"},
    {file = "pygments-2.18.0.tar.gz", hash = "sha256:786ff802f32e91311bff3889f6e9a86e81505fe99f2735bb6d60ae0c5004f199"},
]

[package.extras]
windows-terminal = ["colorama (>=0.4.6)"]

[[package]]
name = "pytest"
version = "7.4.4"
description = "pytest: simple powerful testing with Python"
optional = false
python-versions = ">=3.7"
files = [
    {file = "pytest-7.4.4-py3-none-any.whl", hash = "sha256:b090cdf5ed60bf4c45261be03239c2c1c22df034fbffe691abe93cd80cea01d8"},
    {file = "pytest-7.4.4.tar.gz", hash = "sha256:2cf0005922c6ace4a3e2ec8b4080eb0d9753fdc93107415332f50ce9e7994280"},
]

[package.dependencies]
colorama = {version = "*", markers = "sys_platform == \"win32\""}
exceptiongroup = {version = ">=1.0.0rc8", markers = "python_version < \"3.11\""}
iniconfig = "*"
packaging = "*"
pluggy = ">=0.12,<2.0"
tomli = {version = ">=1.0.0", markers = "python_version < \"3.11\""}

[package.extras]
testing = ["argcomplete", "attrs (>=19.2.0)", "hypothesis (>=3.56)", "mock", "nose", "pygments (>=2.7.2)", "requests", "setuptools", "xmlschema"]

[[package]]
name = "pyyaml"
version = "6.0.1"
description = "YAML parser and emitter for Python"
optional = false
python-versions = ">=3.6"
files = [
    {file = "PyYAML-6.0.1-cp310-cp310-macosx_10_9_x86_64.whl", hash = "sha256:d858aa552c999bc8a8d57426ed01e40bef403cd8ccdd0fc5f6f04a00414cac2a"},
    {file = "PyYAML-6.0.1-cp310-cp310-macosx_11_0_arm64.whl", hash = "sha256:fd66fc5d0da6d9815ba2cebeb4205f95818ff4b79c3ebe268e75d961704af52f"},
    {file = "PyYAML-6.0.1-cp310-cp310-manylinux_2_17_aarch64.manylinux2014_aarch64.whl", hash = "sha256:69b023b2b4daa7548bcfbd4aa3da05b3a74b772db9e23b982788168117739938"},
    {file = "PyYAML-6.0.1-cp310-cp310-manylinux_2_17_s390x.manylinux2014_s390x.whl", hash = "sha256:81e0b275a9ecc9c0c0c07b4b90ba548307583c125f54d5b6946cfee6360c733d"},
    {file = "PyYAML-6.0.1-cp310-cp310-manylinux_2_17_x86_64.manylinux2014_x86_64.whl", hash = "sha256:ba336e390cd8e4d1739f42dfe9bb83a3cc2e80f567d8805e11b46f4a943f5515"},
    {file = "PyYAML-6.0.1-cp310-cp310-musllinux_1_1_x86_64.whl", hash = "sha256:326c013efe8048858a6d312ddd31d56e468118ad4cdeda36c719bf5bb6192290"},
    {file = "PyYAML-6.0.1-cp310-cp310-win32.whl", hash = "sha256:bd4af7373a854424dabd882decdc5579653d7868b8fb26dc7d0e99f823aa5924"},
    {file = "PyYAML-6.0.1-cp310-cp310-win_amd64.whl", hash = "sha256:fd1592b3fdf65fff2ad0004b5e363300ef59ced41c2e6b3a99d4089fa8c5435d"},
    {file = "PyYAML-6.0.1-cp311-cp311-macosx_10_9_x86_64.whl", hash = "sha256:6965a7bc3cf88e5a1c3bd2e0b5c22f8d677dc88a455344035f03399034eb3007"},
    {file = "PyYAML-6.0.1-cp311-cp311-macosx_11_0_arm64.whl", hash = "sha256:f003ed9ad21d6a4713f0a9b5a7a0a79e08dd0f221aff4525a2be4c346ee60aab"},
    {file = "PyYAML-6.0.1-cp311-cp311-manylinux_2_17_aarch64.manylinux2014_aarch64.whl", hash = "sha256:42f8152b8dbc4fe7d96729ec2b99c7097d656dc1213a3229ca5383f973a5ed6d"},
    {file = "PyYAML-6.0.1-cp311-cp311-manylinux_2_17_s390x.manylinux2014_s390x.whl", hash = "sha256:062582fca9fabdd2c8b54a3ef1c978d786e0f6b3a1510e0ac93ef59e0ddae2bc"},
    {file = "PyYAML-6.0.1-cp311-cp311-manylinux_2_17_x86_64.manylinux2014_x86_64.whl", hash = "sha256:d2b04aac4d386b172d5b9692e2d2da8de7bfb6c387fa4f801fbf6fb2e6ba4673"},
    {file = "PyYAML-6.0.1-cp311-cp311-musllinux_1_1_x86_64.whl", hash = "sha256:e7d73685e87afe9f3b36c799222440d6cf362062f78be1013661b00c5c6f678b"},
    {file = "PyYAML-6.0.1-cp311-cp311-win32.whl", hash = "sha256:1635fd110e8d85d55237ab316b5b011de701ea0f29d07611174a1b42f1444741"},
    {file = "PyYAML-6.0.1-cp311-cp311-win_amd64.whl", hash = "sha256:bf07ee2fef7014951eeb99f56f39c9bb4af143d8aa3c21b1677805985307da34"},
    {file = "PyYAML-6.0.1-cp312-cp312-macosx_10_9_x86_64.whl", hash = "sha256:855fb52b0dc35af121542a76b9a84f8d1cd886ea97c84703eaa6d88e37a2ad28"},
    {file = "PyYAML-6.0.1-cp312-cp312-macosx_11_0_arm64.whl", hash = "sha256:40df9b996c2b73138957fe23a16a4f0ba614f4c0efce1e9406a184b6d07fa3a9"},
    {file = "PyYAML-6.0.1-cp312-cp312-manylinux_2_17_aarch64.manylinux2014_aarch64.whl", hash = "sha256:a08c6f0fe150303c1c6b71ebcd7213c2858041a7e01975da3a99aed1e7a378ef"},
    {file = "PyYAML-6.0.1-cp312-cp312-manylinux_2_17_x86_64.manylinux2014_x86_64.whl", hash = "sha256:6c22bec3fbe2524cde73d7ada88f6566758a8f7227bfbf93a408a9d86bcc12a0"},
    {file = "PyYAML-6.0.1-cp312-cp312-musllinux_1_1_x86_64.whl", hash = "sha256:8d4e9c88387b0f5c7d5f281e55304de64cf7f9c0021a3525bd3b1c542da3b0e4"},
    {file = "PyYAML-6.0.1-cp312-cp312-win32.whl", hash = "sha256:d483d2cdf104e7c9fa60c544d92981f12ad66a457afae824d146093b8c294c54"},
    {file = "PyYAML-6.0.1-cp312-cp312-win_amd64.whl", hash = "sha256:0d3304d8c0adc42be59c5f8a4d9e3d7379e6955ad754aa9d6ab7a398b59dd1df"},
    {file = "PyYAML-6.0.1-cp36-cp36m-macosx_10_9_x86_64.whl", hash = "sha256:50550eb667afee136e9a77d6dc71ae76a44df8b3e51e41b77f6de2932bfe0f47"},
    {file = "PyYAML-6.0.1-cp36-cp36m-manylinux_2_17_aarch64.manylinux2014_aarch64.whl", hash = "sha256:1fe35611261b29bd1de0070f0b2f47cb6ff71fa6595c077e42bd0c419fa27b98"},
    {file = "PyYAML-6.0.1-cp36-cp36m-manylinux_2_17_s390x.manylinux2014_s390x.whl", hash = "sha256:704219a11b772aea0d8ecd7058d0082713c3562b4e271b849ad7dc4a5c90c13c"},
    {file = "PyYAML-6.0.1-cp36-cp36m-manylinux_2_17_x86_64.manylinux2014_x86_64.whl", hash = "sha256:afd7e57eddb1a54f0f1a974bc4391af8bcce0b444685d936840f125cf046d5bd"},
    {file = "PyYAML-6.0.1-cp36-cp36m-win32.whl", hash = "sha256:fca0e3a251908a499833aa292323f32437106001d436eca0e6e7833256674585"},
    {file = "PyYAML-6.0.1-cp36-cp36m-win_amd64.whl", hash = "sha256:f22ac1c3cac4dbc50079e965eba2c1058622631e526bd9afd45fedd49ba781fa"},
    {file = "PyYAML-6.0.1-cp37-cp37m-macosx_10_9_x86_64.whl", hash = "sha256:b1275ad35a5d18c62a7220633c913e1b42d44b46ee12554e5fd39c70a243d6a3"},
    {file = "PyYAML-6.0.1-cp37-cp37m-manylinux_2_17_aarch64.manylinux2014_aarch64.whl", hash = "sha256:18aeb1bf9a78867dc38b259769503436b7c72f7a1f1f4c93ff9a17de54319b27"},
    {file = "PyYAML-6.0.1-cp37-cp37m-manylinux_2_17_s390x.manylinux2014_s390x.whl", hash = "sha256:596106435fa6ad000c2991a98fa58eeb8656ef2325d7e158344fb33864ed87e3"},
    {file = "PyYAML-6.0.1-cp37-cp37m-manylinux_2_17_x86_64.manylinux2014_x86_64.whl", hash = "sha256:baa90d3f661d43131ca170712d903e6295d1f7a0f595074f151c0aed377c9b9c"},
    {file = "PyYAML-6.0.1-cp37-cp37m-win32.whl", hash = "sha256:9046c58c4395dff28dd494285c82ba00b546adfc7ef001486fbf0324bc174fba"},
    {file = "PyYAML-6.0.1-cp37-cp37m-win_amd64.whl", hash = "sha256:4fb147e7a67ef577a588a0e2c17b6db51dda102c71de36f8549b6816a96e1867"},
    {file = "PyYAML-6.0.1-cp38-cp38-macosx_10_9_x86_64.whl", hash = "sha256:1d4c7e777c441b20e32f52bd377e0c409713e8bb1386e1099c2415f26e479595"},
    {file = "PyYAML-6.0.1-cp38-cp38-manylinux_2_17_aarch64.manylinux2014_aarch64.whl", hash = "sha256:a0cd17c15d3bb3fa06978b4e8958dcdc6e0174ccea823003a106c7d4d7899ac5"},
    {file = "PyYAML-6.0.1-cp38-cp38-manylinux_2_17_s390x.manylinux2014_s390x.whl", hash = "sha256:28c119d996beec18c05208a8bd78cbe4007878c6dd15091efb73a30e90539696"},
    {file = "PyYAML-6.0.1-cp38-cp38-manylinux_2_17_x86_64.manylinux2014_x86_64.whl", hash = "sha256:7e07cbde391ba96ab58e532ff4803f79c4129397514e1413a7dc761ccd755735"},
    {file = "PyYAML-6.0.1-cp38-cp38-musllinux_1_1_x86_64.whl", hash = "sha256:49a183be227561de579b4a36efbb21b3eab9651dd81b1858589f796549873dd6"},
    {file = "PyYAML-6.0.1-cp38-cp38-win32.whl", hash = "sha256:184c5108a2aca3c5b3d3bf9395d50893a7ab82a38004c8f61c258d4428e80206"},
    {file = "PyYAML-6.0.1-cp38-cp38-win_amd64.whl", hash = "sha256:1e2722cc9fbb45d9b87631ac70924c11d3a401b2d7f410cc0e3bbf249f2dca62"},
    {file = "PyYAML-6.0.1-cp39-cp39-macosx_10_9_x86_64.whl", hash = "sha256:9eb6caa9a297fc2c2fb8862bc5370d0303ddba53ba97e71f08023b6cd73d16a8"},
    {file = "PyYAML-6.0.1-cp39-cp39-macosx_11_0_arm64.whl", hash = "sha256:c8098ddcc2a85b61647b2590f825f3db38891662cfc2fc776415143f599bb859"},
    {file = "PyYAML-6.0.1-cp39-cp39-manylinux_2_17_aarch64.manylinux2014_aarch64.whl", hash = "sha256:5773183b6446b2c99bb77e77595dd486303b4faab2b086e7b17bc6bef28865f6"},
    {file = "PyYAML-6.0.1-cp39-cp39-manylinux_2_17_s390x.manylinux2014_s390x.whl", hash = "sha256:b786eecbdf8499b9ca1d697215862083bd6d2a99965554781d0d8d1ad31e13a0"},
    {file = "PyYAML-6.0.1-cp39-cp39-manylinux_2_17_x86_64.manylinux2014_x86_64.whl", hash = "sha256:bc1bf2925a1ecd43da378f4db9e4f799775d6367bdb94671027b73b393a7c42c"},
    {file = "PyYAML-6.0.1-cp39-cp39-musllinux_1_1_x86_64.whl", hash = "sha256:04ac92ad1925b2cff1db0cfebffb6ffc43457495c9b3c39d3fcae417d7125dc5"},
    {file = "PyYAML-6.0.1-cp39-cp39-win32.whl", hash = "sha256:faca3bdcf85b2fc05d06ff3fbc1f83e1391b3e724afa3feba7d13eeab355484c"},
    {file = "PyYAML-6.0.1-cp39-cp39-win_amd64.whl", hash = "sha256:510c9deebc5c0225e8c96813043e62b680ba2f9c50a08d3724c7f28a747d1486"},
    {file = "PyYAML-6.0.1.tar.gz", hash = "sha256:bfdf460b1736c775f2ba9f6a92bca30bc2095067b8a9d77876d1fad6cc3b4a43"},
]

[[package]]
name = "ruff"
version = "0.0.277"
description = "An extremely fast Python linter, written in Rust."
optional = false
python-versions = ">=3.7"
files = [
    {file = "ruff-0.0.277-py3-none-macosx_10_7_x86_64.whl", hash = "sha256:3250b24333ef419b7a232080d9724ccc4d2da1dbbe4ce85c4caa2290d83200f8"},
    {file = "ruff-0.0.277-py3-none-macosx_10_9_x86_64.macosx_11_0_arm64.macosx_10_9_universal2.whl", hash = "sha256:3e60605e07482183ba1c1b7237eca827bd6cbd3535fe8a4ede28cbe2a323cb97"},
    {file = "ruff-0.0.277-py3-none-manylinux_2_17_aarch64.manylinux2014_aarch64.whl", hash = "sha256:7baa97c3d7186e5ed4d5d4f6834d759a27e56cf7d5874b98c507335f0ad5aadb"},
    {file = "ruff-0.0.277-py3-none-manylinux_2_17_armv7l.manylinux2014_armv7l.whl", hash = "sha256:74e4b206cb24f2e98a615f87dbe0bde18105217cbcc8eb785bb05a644855ba50"},
    {file = "ruff-0.0.277-py3-none-manylinux_2_17_i686.manylinux2014_i686.whl", hash = "sha256:479864a3ccd8a6a20a37a6e7577bdc2406868ee80b1e65605478ad3b8eb2ba0b"},
    {file = "ruff-0.0.277-py3-none-manylinux_2_17_ppc64.manylinux2014_ppc64.whl", hash = "sha256:468bfb0a7567443cec3d03cf408d6f562b52f30c3c29df19927f1e0e13a40cd7"},
    {file = "ruff-0.0.277-py3-none-manylinux_2_17_ppc64le.manylinux2014_ppc64le.whl", hash = "sha256:f32ec416c24542ca2f9cc8c8b65b84560530d338aaf247a4a78e74b99cd476b4"},
    {file = "ruff-0.0.277-py3-none-manylinux_2_17_s390x.manylinux2014_s390x.whl", hash = "sha256:14a7b2f00f149c5a295f188a643ac25226ff8a4d08f7a62b1d4b0a1dc9f9b85c"},
    {file = "ruff-0.0.277-py3-none-manylinux_2_17_x86_64.manylinux2014_x86_64.whl", hash = "sha256:a9879f59f763cc5628aa01c31ad256a0f4dc61a29355c7315b83c2a5aac932b5"},
    {file = "ruff-0.0.277-py3-none-musllinux_1_2_aarch64.whl", hash = "sha256:f612e0a14b3d145d90eb6ead990064e22f6f27281d847237560b4e10bf2251f3"},
    {file = "ruff-0.0.277-py3-none-musllinux_1_2_armv7l.whl", hash = "sha256:323b674c98078be9aaded5b8b51c0d9c424486566fb6ec18439b496ce79e5998"},
    {file = "ruff-0.0.277-py3-none-musllinux_1_2_i686.whl", hash = "sha256:3a43fbe026ca1a2a8c45aa0d600a0116bec4dfa6f8bf0c3b871ecda51ef2b5dd"},
    {file = "ruff-0.0.277-py3-none-musllinux_1_2_x86_64.whl", hash = "sha256:734165ea8feb81b0d53e3bf523adc2413fdb76f1264cde99555161dd5a725522"},
    {file = "ruff-0.0.277-py3-none-win32.whl", hash = "sha256:88d0f2afb2e0c26ac1120e7061ddda2a566196ec4007bd66d558f13b374b9efc"},
    {file = "ruff-0.0.277-py3-none-win_amd64.whl", hash = "sha256:6fe81732f788894a00f6ade1fe69e996cc9e485b7c35b0f53fb00284397284b2"},
    {file = "ruff-0.0.277-py3-none-win_arm64.whl", hash = "sha256:2d4444c60f2e705c14cd802b55cd2b561d25bf4311702c463a002392d3116b22"},
    {file = "ruff-0.0.277.tar.gz", hash = "sha256:2dab13cdedbf3af6d4427c07f47143746b6b95d9e4a254ac369a0edb9280a0d2"},
]

[[package]]
name = "six"
version = "1.16.0"
description = "Python 2 and 3 compatibility utilities"
optional = false
python-versions = ">=2.7, !=3.0.*, !=3.1.*, !=3.2.*"
files = [
    {file = "six-1.16.0-py2.py3-none-any.whl", hash = "sha256:8abb2f1d86890a2dfb989f9a77cfcfd3e47c2a354b01111771326f8aa26e0254"},
    {file = "six-1.16.0.tar.gz", hash = "sha256:1e61c37477a1626458e36f7b1d82aa5c9b094fa4802892072e49de9c60c4c926"},
]

[[package]]
name = "stack-data"
version = "0.6.3"
description = "Extract data from python stack frames and tracebacks for informative displays"
optional = false
python-versions = "*"
files = [
    {file = "stack_data-0.6.3-py3-none-any.whl", hash = "sha256:d5558e0c25a4cb0853cddad3d77da9891a08cb85dd9f9f91b9f8cd66e511e695"},
    {file = "stack_data-0.6.3.tar.gz", hash = "sha256:836a778de4fec4dcd1dcd89ed8abff8a221f58308462e1c4aa2a3cf30148f0b9"},
]

[package.dependencies]
asttokens = ">=2.1.0"
executing = ">=1.2.0"
pure-eval = "*"

[package.extras]
tests = ["cython", "littleutils", "pygments", "pytest", "typeguard"]

[[package]]
name = "tomli"
version = "2.0.1"
description = "A lil' TOML parser"
optional = false
python-versions = ">=3.7"
files = [
    {file = "tomli-2.0.1-py3-none-any.whl", hash = "sha256:939de3e7a6161af0c887ef91b7d41a53e7c5a1ca976325f429cb46ea9bc30ecc"},
    {file = "tomli-2.0.1.tar.gz", hash = "sha256:de526c12914f0c550d15924c62d72abc48d6fe7364aa87328337a31007fe8a4f"},
]

[[package]]
name = "traitlets"
version = "5.14.3"
description = "Traitlets Python configuration system"
optional = false
python-versions = ">=3.8"
files = [
    {file = "traitlets-5.14.3-py3-none-any.whl", hash = "sha256:b74e89e397b1ed28cc831db7aea759ba6640cb3de13090ca145426688ff1ac4f"},
    {file = "traitlets-5.14.3.tar.gz", hash = "sha256:9ed0579d3502c94b4b3732ac120375cda96f923114522847de4b3bb98b96b6b7"},
]

[package.extras]
docs = ["myst-parser", "pydata-sphinx-theme", "sphinx"]
test = ["argcomplete (>=3.0.3)", "mypy (>=1.7.0)", "pre-commit", "pytest (>=7.0,<8.2)", "pytest-mock", "pytest-mypy-testing"]

[[package]]
name = "typing-extensions"
version = "4.12.1"
description = "Backported and Experimental Type Hints for Python 3.8+"
optional = false
python-versions = ">=3.8"
files = [
    {file = "typing_extensions-4.12.1-py3-none-any.whl", hash = "sha256:6024b58b69089e5a89c347397254e35f1bf02a907728ec7fee9bf0fe837d203a"},
    {file = "typing_extensions-4.12.1.tar.gz", hash = "sha256:915f5e35ff76f56588223f15fdd5938f9a1cf9195c0de25130c627e4d597f6d1"},
]

[[package]]
name = "wcwidth"
version = "0.2.13"
description = "Measures the displayed width of unicode strings in a terminal"
optional = false
python-versions = "*"
files = [
    {file = "wcwidth-0.2.13-py2.py3-none-any.whl", hash = "sha256:3da69048e4540d84af32131829ff948f1e022c1c6bdb8d6102117aac784f6859"},
    {file = "wcwidth-0.2.13.tar.gz", hash = "sha256:72ea0c06399eb286d978fdedb6923a9eb47e1c486ce63e9b4e64fc18303972b5"},
]

[metadata]
lock-version = "2.0"
python-versions = "^3.10"
content-hash = "8653e26f27590a0aa61d15bef124bee2efb9ae2ba74132a3d7f0be2c20f1eab7"
